
Microsoft Visual Studio Solution File, Format Version 12.00
# Visual Studio Version 17
VisualStudioVersion = 17.7.34024.191
MinimumVisualStudioVersion = 10.0.40219.1
Project("{FAE04EC0-301F-11D3-BF4B-00C04F79EFBC}") = "Casts vs Type Conversions", "Casts vs Type Conversions\Casts vs Type Conversions.csproj", "{148A9685-2D55-43E1-9E82-174A879E1882}"
EndProject
Global
	GlobalSection(SolutionConfigurationPlatforms) = preSolution
		Debug|Any CPU = Debug|Any CPU
		Release|Any CPU = Release|Any CPU
	EndGlobalSection
	GlobalSection(ProjectConfigurationPlatforms) = postSolution
		{148A9685-2D55-43E1-9E82-174A879E1882}.Debug|Any CPU.ActiveCfg = Debug|Any CPU
		{148A9685-2D55-43E1-9E82-174A879E1882}.Debug|Any CPU.Build.0 = Debug|Any CPU
		{148A9685-2D55-43E1-9E82-174A879E1882}.Release|Any CPU.ActiveCfg = Release|Any CPU
		{148A9685-2D55-43E1-9E82-174A879E1882}.Release|Any CPU.Build.0 = Release|Any CPU
	EndGlobalSection
	GlobalSection(SolutionProperties) = preSolution
		HideSolutionNode = FALSE
	EndGlobalSection
	GlobalSection(ExtensibilityGlobals) = postSolution
		SolutionGuid = {F980775E-3F84-4D36-A818-F5364304893F}
	EndGlobalSection
EndGlobal
